
Microsoft Visual Studio Solution File, Format Version 12.00
# Visual Studio Version 17
VisualStudioVersion = 17.6.33712.159
MinimumVisualStudioVersion = 10.0.40219.1
Project("{2150E333-8FDC-42A3-9474-1A3956D46DE8}") = "1.Domain", "1.Domain", "{DE46804B-B2C7-484F-AED9-BF7416CF51A7}"
EndProject
Project("{2150E333-8FDC-42A3-9474-1A3956D46DE8}") = "2.Data", "2.Data", "{BDFD1490-CD71-459A-9BB9-86BCE12CDDDC}"
EndProject
Project("{2150E333-8FDC-42A3-9474-1A3956D46DE8}") = "3.Core", "3.Core", "{13E00DF8-C4DD-4730-A31C-5D880509C1D4}"
EndProject
Project("{2150E333-8FDC-42A3-9474-1A3956D46DE8}") = "5.Presentation", "5.Presentation", "{2816CFC1-3F4E-4E35-A565-DF96EBFF58DA}"
EndProject
Project("{9A19103F-16F7-4668-BE54-9A1E7A4F7556}") = "Domain", "Domain\Domain.csproj", "{D4613AF3-9566-4E23-B2B1-F9C1FA4A1497}"
EndProject
Project("{9A19103F-16F7-4668-BE54-9A1E7A4F7556}") = "Data", "Data\Data.csproj", "{442838AC-B307-4EB6-86C9-F1A45B2DE324}"
EndProject
Project("{9A19103F-16F7-4668-BE54-9A1E7A4F7556}") = "Core", "Core\Core.csproj", "{4EDEFA1F-1AB0-49B6-AC3A-85208131F093}"
EndProject
Project("{2150E333-8FDC-42A3-9474-1A3956D46DE8}") = "4.IOC", "4.IOC", "{A7CB1867-AC8A-40A7-8293-C6A9D2671096}"
EndProject
Project("{9A19103F-16F7-4668-BE54-9A1E7A4F7556}") = "IOC", "IOC\IOC.csproj", "{9D3B35BD-A84B-4919-9AB4-B22CE29DC0A1}"
EndProject
Project("{FAE04EC0-301F-11D3-BF4B-00C04F79EFBC}") = "DrMoradi", "DrMoradi\DrMoradi.csproj", "{358106A8-CE09-6E3E-28D9-219A79A09E89}"
EndProject
Global
	GlobalSection(SolutionConfigurationPlatforms) = preSolution
		Debug|Any CPU = Debug|Any CPU
		Release|Any CPU = Release|Any CPU
	EndGlobalSection
	GlobalSection(ProjectConfigurationPlatforms) = postSolution
		{D4613AF3-9566-4E23-B2B1-F9C1FA4A1497}.Debug|Any CPU.ActiveCfg = Debug|Any CPU
		{D4613AF3-9566-4E23-B2B1-F9C1FA4A1497}.Debug|Any CPU.Build.0 = Debug|Any CPU
		{D4613AF3-9566-4E23-B2B1-F9C1FA4A1497}.Release|Any CPU.ActiveCfg = Release|Any CPU
		{D4613AF3-9566-4E23-B2B1-F9C1FA4A1497}.Release|Any CPU.Build.0 = Release|Any CPU
		{442838AC-B307-4EB6-86C9-F1A45B2DE324}.Debug|Any CPU.ActiveCfg = Debug|Any CPU
		{442838AC-B307-4EB6-86C9-F1A45B2DE324}.Debug|Any CPU.Build.0 = Debug|Any CPU
		{442838AC-B307-4EB6-86C9-F1A45B2DE324}.Release|Any CPU.ActiveCfg = Release|Any CPU
		{442838AC-B307-4EB6-86C9-F1A45B2DE324}.Release|Any CPU.Build.0 = Release|Any CPU
		{4EDEFA1F-1AB0-49B6-AC3A-85208131F093}.Debug|Any CPU.ActiveCfg = Debug|Any CPU
		{4EDEFA1F-1AB0-49B6-AC3A-85208131F093}.Debug|Any CPU.Build.0 = Debug|Any CPU
		{4EDEFA1F-1AB0-49B6-AC3A-85208131F093}.Release|Any CPU.ActiveCfg = Release|Any CPU
		{4EDEFA1F-1AB0-49B6-AC3A-85208131F093}.Release|Any CPU.Build.0 = Release|Any CPU
		{9D3B35BD-A84B-4919-9AB4-B22CE29DC0A1}.Debug|Any CPU.ActiveCfg = Debug|Any CPU
		{9D3B35BD-A84B-4919-9AB4-B22CE29DC0A1}.Debug|Any CPU.Build.0 = Debug|Any CPU
		{9D3B35BD-A84B-4919-9AB4-B22CE29DC0A1}.Release|Any CPU.ActiveCfg = Release|Any CPU
		{9D3B35BD-A84B-4919-9AB4-B22CE29DC0A1}.Release|Any CPU.Build.0 = Release|Any CPU
		{358106A8-CE09-6E3E-28D9-219A79A09E89}.Debug|Any CPU.ActiveCfg = Debug|Any CPU
		{358106A8-CE09-6E3E-28D9-219A79A09E89}.Debug|Any CPU.Build.0 = Debug|Any CPU
		{358106A8-CE09-6E3E-28D9-219A79A09E89}.Release|Any CPU.ActiveCfg = Release|Any CPU
		{358106A8-CE09-6E3E-28D9-219A79A09E89}.Release|Any CPU.Build.0 = Release|Any CPU
	EndGlobalSection
	GlobalSection(SolutionProperties) = preSolution
		HideSolutionNode = FALSE
	EndGlobalSection
	GlobalSection(NestedProjects) = preSolution
		{D4613AF3-9566-4E23-B2B1-F9C1FA4A1497} = {DE46804B-B2C7-484F-AED9-BF7416CF51A7}
		{442838AC-B307-4EB6-86C9-F1A45B2DE324} = {BDFD1490-CD71-459A-9BB9-86BCE12CDDDC}
		{4EDEFA1F-1AB0-49B6-AC3A-85208131F093} = {13E00DF8-C4DD-4730-A31C-5D880509C1D4}
		{9D3B35BD-A84B-4919-9AB4-B22CE29DC0A1} = {A7CB1867-AC8A-40A7-8293-C6A9D2671096}
		{358106A8-CE09-6E3E-28D9-219A79A09E89} = {2816CFC1-3F4E-4E35-A565-DF96EBFF58DA}
	EndGlobalSection
	GlobalSection(ExtensibilityGlobals) = postSolution
		SolutionGuid = {37E74971-F64F-4F3E-BE48-D8BF723EA375}
	EndGlobalSection
EndGlobal
